
Microsoft Visual Studio Solution File, Format Version 12.00
# Visual Studio Version 17
VisualStudioVersion = 17.5.33530.505
MinimumVisualStudioVersion = 10.0.40219.1
Project("{9A19103F-16F7-4668-BE54-9A1E7A4F7556}") = "Application", "Application\Application.csproj", "{80086492-FBF8-43A7-BEB9-45FB471CFFF4}"
EndProject
Project("{9A19103F-16F7-4668-BE54-9A1E7A4F7556}") = "Infra", "Infra\Infra.csproj", "{41188A17-076E-4B95-A6B7-E0A631D840A5}"
EndProject
Project("{9A19103F-16F7-4668-BE54-9A1E7A4F7556}") = "Infra.IoC", "Infra.IoC\Infra.IoC.csproj", "{31BF75CE-A8CD-4841-89CF-B043FD6F0E28}"
EndProject
Project("{9A19103F-16F7-4668-BE54-9A1E7A4F7556}") = "Presentation.API", "Presentation.API\Presentation.API.csproj", "{F30759C6-EECE-41DA-B1FF-E714AC3366F2}"
EndProject
Global
	GlobalSection(SolutionConfigurationPlatforms) = preSolution
		Debug|Any CPU = Debug|Any CPU
		Release|Any CPU = Release|Any CPU
	EndGlobalSection
	GlobalSection(ProjectConfigurationPlatforms) = postSolution
		{80086492-FBF8-43A7-BEB9-45FB471CFFF4}.Debug|Any CPU.ActiveCfg = Debug|Any CPU
		{80086492-FBF8-43A7-BEB9-45FB471CFFF4}.Debug|Any CPU.Build.0 = Debug|Any CPU
		{80086492-FBF8-43A7-BEB9-45FB471CFFF4}.Release|Any CPU.ActiveCfg = Release|Any CPU
		{80086492-FBF8-43A7-BEB9-45FB471CFFF4}.Release|Any CPU.Build.0 = Release|Any CPU
		{41188A17-076E-4B95-A6B7-E0A631D840A5}.Debug|Any CPU.ActiveCfg = Debug|Any CPU
		{41188A17-076E-4B95-A6B7-E0A631D840A5}.Debug|Any CPU.Build.0 = Debug|Any CPU
		{41188A17-076E-4B95-A6B7-E0A631D840A5}.Release|Any CPU.ActiveCfg = Release|Any CPU
		{41188A17-076E-4B95-A6B7-E0A631D840A5}.Release|Any CPU.Build.0 = Release|Any CPU
		{31BF75CE-A8CD-4841-89CF-B043FD6F0E28}.Debug|Any CPU.ActiveCfg = Debug|Any CPU
		{31BF75CE-A8CD-4841-89CF-B043FD6F0E28}.Debug|Any CPU.Build.0 = Debug|Any CPU
		{31BF75CE-A8CD-4841-89CF-B043FD6F0E28}.Release|Any CPU.ActiveCfg = Release|Any CPU
		{31BF75CE-A8CD-4841-89CF-B043FD6F0E28}.Release|Any CPU.Build.0 = Release|Any CPU
		{F30759C6-EECE-41DA-B1FF-E714AC3366F2}.Debug|Any CPU.ActiveCfg = Debug|Any CPU
		{F30759C6-EECE-41DA-B1FF-E714AC3366F2}.Debug|Any CPU.Build.0 = Debug|Any CPU
		{F30759C6-EECE-41DA-B1FF-E714AC3366F2}.Release|Any CPU.ActiveCfg = Release|Any CPU
		{F30759C6-EECE-41DA-B1FF-E714AC3366F2}.Release|Any CPU.Build.0 = Release|Any CPU
	EndGlobalSection
	GlobalSection(SolutionProperties) = preSolution
		HideSolutionNode = FALSE
	EndGlobalSection
	GlobalSection(ExtensibilityGlobals) = postSolution
		SolutionGuid = {FBB713FB-8071-4DF3-8F44-B43CA3EBF10B}
	EndGlobalSection
EndGlobal
